
Microsoft Visual Studio Solution File, Format Version 12.00
# Visual Studio 15
Project("{FAE04EC0-301F-11D3-BF4B-00C04F79EFBC}") = "UnityEngine.TestRunner", "UnityEngine.TestRunner.csproj", "{5CDF2D83-DB10-9AC9-389D-3D2EC8254249}"
EndProject
Project("{FAE04EC0-301F-11D3-BF4B-00C04F79EFBC}") = "UnityEngine.UI", "UnityEngine.UI.csproj", "{2AE3B53E-C5FE-E1B0-969D-B94883DD6378}"
EndProject
Project("{FAE04EC0-301F-11D3-BF4B-00C04F79EFBC}") = "Unity.Mathematics", "Unity.Mathematics.csproj", "{A9D38C9A-F04F-304A-3BC4-571A69B6E1B1}"
EndProject
Project("{FAE04EC0-301F-11D3-BF4B-00C04F79EFBC}") = "Unity.2D.Animation.Triangle.Runtime", "Unity.2D.Animation.Triangle.Runtime.csproj", "{D778CAF3-A2A4-3790-B7DF-5D44DD23EDB1}"
EndProject
Project("{FAE04EC0-301F-11D3-BF4B-00C04F79EFBC}") = "Unity.Timeline", "Unity.Timeline.csproj", "{905C6A4C-0B30-7C46-A848-0CE9AD92B600}"
EndProject
Project("{FAE04EC0-301F-11D3-BF4B-00C04F79EFBC}") = "Unity.TextMeshPro", "Unity.TextMeshPro.csproj", "{DF53F4BD-38D3-F8C6-EEA7-C788AFDE8E08}"
EndProject
Project("{FAE04EC0-301F-11D3-BF4B-00C04F79EFBC}") = "Unity.2D.Animation.Runtime", "Unity.2D.Animation.Runtime.csproj", "{D2FB90B8-EC79-9D11-1E3E-CE10818643A7}"
EndProject
Project("{FAE04EC0-301F-11D3-BF4B-00C04F79EFBC}") = "Unity.2D.IK.Runtime", "Unity.2D.IK.Runtime.csproj", "{5A4DC1F3-8F5F-0F59-3972-EC0DF0719144}"
EndProject
Project("{FAE04EC0-301F-11D3-BF4B-00C04F79EFBC}") = "Unity.2D.SpriteShape.Runtime", "Unity.2D.SpriteShape.Runtime.csproj", "{B9536A08-48BE-274E-3E5D-89A61A233C8E}"
EndProject
Project("{FAE04EC0-301F-11D3-BF4B-00C04F79EFBC}") = "Unity.2D.PixelPerfect", "Unity.2D.PixelPerfect.csproj", "{814FD420-7F60-8EC0-8243-E7FD0C1581D1}"
EndProject
Project("{FAE04EC0-301F-11D3-BF4B-00C04F79EFBC}") = "Unity.2D.Common.Runtime", "Unity.2D.Common.Runtime.csproj", "{A93F39C8-FF8D-4983-BFA8-F24DAF429C94}"
EndProject
Project("{FAE04EC0-301F-11D3-BF4B-00C04F79EFBC}") = "Unity.InternalAPIEngineBridge.001", "Unity.InternalAPIEngineBridge.001.csproj", "{F2E77735-B754-18DA-E427-D55B30C5726E}"
EndProject
Project("{FAE04EC0-301F-11D3-BF4B-00C04F79EFBC}") = "UnityEditor.TestRunner", "UnityEditor.TestRunner.csproj", "{A57B1EC3-5133-302C-651A-F5CEA5E62040}"
EndProject
Project("{FAE04EC0-301F-11D3-BF4B-00C04F79EFBC}") = "Unity.PlasticSCM.Editor", "Unity.PlasticSCM.Editor.csproj", "{1E3E1408-B7E2-18AA-D03E-C7C8FB6E37C5}"
EndProject
Project("{FAE04EC0-301F-11D3-BF4B-00C04F79EFBC}") = "UnityEditor.UI", "UnityEditor.UI.csproj", "{C7E8BADB-7568-E43F-BC8B-27C50BF13C49}"
EndProject
Project("{FAE04EC0-301F-11D3-BF4B-00C04F79EFBC}") = "Unity.Timeline.Editor", "Unity.Timeline.Editor.csproj", "{40E4A948-D156-E7DD-B656-BC3841A1828D}"
EndProject
Project("{FAE04EC0-301F-11D3-BF4B-00C04F79EFBC}") = "Unity.VisualStudio.Editor", "Unity.VisualStudio.Editor.csproj", "{7C405DFE-0ED7-E74A-9228-7F64EFCF8EAA}"
EndProject
Project("{FAE04EC0-301F-11D3-BF4B-00C04F79EFBC}") = "Unity.2D.Psdimporter.Editor", "Unity.2D.Psdimporter.Editor.csproj", "{05B0CBF4-0064-DA97-81C0-4FA452C8C8A1}"
EndProject
Project("{FAE04EC0-301F-11D3-BF4B-00C04F79EFBC}") = "Unity.2D.Animation.Editor", "Unity.2D.Animation.Editor.csproj", "{2C03603E-8D08-B345-8DBC-F2C7293405F3}"
EndProject
Project("{FAE04EC0-301F-11D3-BF4B-00C04F79EFBC}") = "Unity.TextMeshPro.Editor", "Unity.TextMeshPro.Editor.csproj", "{B674EA42-DBD2-AD65-7270-7B7FBDE60223}"
EndProject
Project("{FAE04EC0-301F-11D3-BF4B-00C04F79EFBC}") = "Unity.2D.SpriteShape.Editor", "Unity.2D.SpriteShape.Editor.csproj", "{0F279710-7329-28DC-9BD5-FA1FF4056DC1}"
EndProject
Project("{FAE04EC0-301F-11D3-BF4B-00C04F79EFBC}") = "Unity.CollabProxy.Editor", "Unity.CollabProxy.Editor.csproj", "{12560F2F-16F2-25D6-335C-EB1E3ADE141A}"
EndProject
Project("{FAE04EC0-301F-11D3-BF4B-00C04F79EFBC}") = "PsdPlugin", "PsdPlugin.csproj", "{4EDB6CB3-8462-BA3B-9411-5DD2FCC4FE63}"
EndProject
Project("{FAE04EC0-301F-11D3-BF4B-00C04F79EFBC}") = "Unity.2D.Path.Editor", "Unity.2D.Path.Editor.csproj", "{401E0CCD-2DB7-08A4-DB8F-24E787281A5C}"
EndProject
Project("{FAE04EC0-301F-11D3-BF4B-00C04F79EFBC}") = "Unity.Rider.Editor", "Unity.Rider.Editor.csproj", "{6E3B1B2E-699E-B705-7816-81B94229298D}"
EndProject
Project("{FAE04EC0-301F-11D3-BF4B-00C04F79EFBC}") = "Unity.2D.IK.Editor", "Unity.2D.IK.Editor.csproj", "{6902344A-3A3A-E8B3-89DE-EBDA36169F60}"
EndProject
Project("{FAE04EC0-301F-11D3-BF4B-00C04F79EFBC}") = "Unity.2D.Sprite.Editor", "Unity.2D.Sprite.Editor.csproj", "{B769E9D8-ED4B-3F33-942B-9193737F745D}"
EndProject
Project("{FAE04EC0-301F-11D3-BF4B-00C04F79EFBC}") = "Unity.2D.Tilemap.Editor", "Unity.2D.Tilemap.Editor.csproj", "{E2C6FC63-B63C-F4CE-9AA2-AD53CB5966A6}"
EndProject
Project("{FAE04EC0-301F-11D3-BF4B-00C04F79EFBC}") = "Unity.2D.PixelPerfect.Editor", "Unity.2D.PixelPerfect.Editor.csproj", "{F43539B5-41B5-76E7-CE85-03A9FCCC0BDD}"
EndProject
Project("{FAE04EC0-301F-11D3-BF4B-00C04F79EFBC}") = "Unity.VSCode.Editor", "Unity.VSCode.Editor.csproj", "{19B7977A-7FC7-21D3-E330-A42C61D07441}"
EndProject
Project("{FAE04EC0-301F-11D3-BF4B-00C04F79EFBC}") = "Unity.2D.Common.Editor", "Unity.2D.Common.Editor.csproj", "{B9A905C6-51C1-840D-D747-436DD2603089}"
EndProject
Project("{FAE04EC0-301F-11D3-BF4B-00C04F79EFBC}") = "Unity.Mathematics.Editor", "Unity.Mathematics.Editor.csproj", "{C410B1DE-BC34-0AB8-2452-93D42C0E7897}"
EndProject
Project("{FAE04EC0-301F-11D3-BF4B-00C04F79EFBC}") = "Unity.InternalAPIEditorBridge.001", "Unity.InternalAPIEditorBridge.001.csproj", "{8F41EB4E-4AFB-58A0-99BD-B16F890CEBC4}"
EndProject
Project("{FAE04EC0-301F-11D3-BF4B-00C04F79EFBC}") = "UnityEngine.TestRunner", "UnityEngine.TestRunner.Player.csproj", "{9B78DF45-3BB2-4EF9-3DB3-233E4DCB73BE}"
EndProject
Project("{FAE04EC0-301F-11D3-BF4B-00C04F79EFBC}") = "UnityEngine.UI", "UnityEngine.UI.Player.csproj", "{E6BF151B-92F7-B36E-849D-B7DA25404AFF}"
EndProject
Project("{FAE04EC0-301F-11D3-BF4B-00C04F79EFBC}") = "Unity.Mathematics", "Unity.Mathematics.Player.csproj", "{B442FB90-F7A3-A583-082F-C0900ECF57AE}"
EndProject
Project("{FAE04EC0-301F-11D3-BF4B-00C04F79EFBC}") = "Unity.2D.Animation.Triangle.Runtime", "Unity.2D.Animation.Triangle.Runtime.Player.csproj", "{00121F72-3177-D784-C175-1A91B1CF9AF5}"
EndProject
Project("{FAE04EC0-301F-11D3-BF4B-00C04F79EFBC}") = "Unity.Timeline", "Unity.Timeline.Player.csproj", "{5F379873-D622-409E-0055-FB1A39874020}"
EndProject
Project("{FAE04EC0-301F-11D3-BF4B-00C04F79EFBC}") = "Unity.TextMeshPro", "Unity.TextMeshPro.Player.csproj", "{574629DC-20F7-047D-3807-C9AEA9C9D745}"
EndProject
Project("{FAE04EC0-301F-11D3-BF4B-00C04F79EFBC}") = "Unity.2D.Animation.Runtime", "Unity.2D.Animation.Runtime.Player.csproj", "{0990B9E4-07B3-8E68-8CB1-AAFA5E204BF6}"
EndProject
Project("{FAE04EC0-301F-11D3-BF4B-00C04F79EFBC}") = "Unity.2D.IK.Runtime", "Unity.2D.IK.Runtime.Player.csproj", "{0BB462DD-0F52-B0D6-E754-CDD2C7C3CDD3}"
EndProject
Project("{FAE04EC0-301F-11D3-BF4B-00C04F79EFBC}") = "Unity.2D.SpriteShape.Runtime", "Unity.2D.SpriteShape.Runtime.Player.csproj", "{B203D1FC-B14E-F4B1-4D19-DD9A36F5A813}"
EndProject
Project("{FAE04EC0-301F-11D3-BF4B-00C04F79EFBC}") = "Unity.2D.PixelPerfect", "Unity.2D.PixelPerfect.Player.csproj", "{06C1EB48-998C-6A8B-6223-968967F158B4}"
EndProject
Project("{FAE04EC0-301F-11D3-BF4B-00C04F79EFBC}") = "Unity.2D.Common.Runtime", "Unity.2D.Common.Runtime.Player.csproj", "{757352D4-FC83-8E26-E9B0-6AE89C39C91C}"
EndProject
Project("{FAE04EC0-301F-11D3-BF4B-00C04F79EFBC}") = "Unity.InternalAPIEngineBridge.001", "Unity.InternalAPIEngineBridge.001.Player.csproj", "{F33F9DA8-D5C9-609F-93CB-DEF0475FBCD9}"
EndProject
Global
	GlobalSection(SolutionConfigurationPlatforms) = preSolution
		Debug|Any CPU = Debug|Any CPU
		Release|Any CPU = Release|Any CPU
	EndGlobalSection
	GlobalSection(ProjectConfigurationPlatforms) = postSolution
		{5CDF2D83-DB10-9AC9-389D-3D2EC8254249}.Debug|Any CPU.ActiveCfg = Debug|Any CPU
		{5CDF2D83-DB10-9AC9-389D-3D2EC8254249}.Debug|Any CPU.Build.0 = Debug|Any CPU
		{5CDF2D83-DB10-9AC9-389D-3D2EC8254249}.Release|Any CPU.ActiveCfg = Release|Any CPU
		{5CDF2D83-DB10-9AC9-389D-3D2EC8254249}.Release|Any CPU.Build.0 = Release|Any CPU
		{2AE3B53E-C5FE-E1B0-969D-B94883DD6378}.Debug|Any CPU.ActiveCfg = Debug|Any CPU
		{2AE3B53E-C5FE-E1B0-969D-B94883DD6378}.Debug|Any CPU.Build.0 = Debug|Any CPU
		{2AE3B53E-C5FE-E1B0-969D-B94883DD6378}.Release|Any CPU.ActiveCfg = Release|Any CPU
		{2AE3B53E-C5FE-E1B0-969D-B94883DD6378}.Release|Any CPU.Build.0 = Release|Any CPU
		{A9D38C9A-F04F-304A-3BC4-571A69B6E1B1}.Debug|Any CPU.ActiveCfg = Debug|Any CPU
		{A9D38C9A-F04F-304A-3BC4-571A69B6E1B1}.Debug|Any CPU.Build.0 = Debug|Any CPU
		{A9D38C9A-F04F-304A-3BC4-571A69B6E1B1}.Release|Any CPU.ActiveCfg = Release|Any CPU
		{A9D38C9A-F04F-304A-3BC4-571A69B6E1B1}.Release|Any CPU.Build.0 = Release|Any CPU
		{D778CAF3-A2A4-3790-B7DF-5D44DD23EDB1}.Debug|Any CPU.ActiveCfg = Debug|Any CPU
		{D778CAF3-A2A4-3790-B7DF-5D44DD23EDB1}.Debug|Any CPU.Build.0 = Debug|Any CPU
		{D778CAF3-A2A4-3790-B7DF-5D44DD23EDB1}.Release|Any CPU.ActiveCfg = Release|Any CPU
		{D778CAF3-A2A4-3790-B7DF-5D44DD23EDB1}.Release|Any CPU.Build.0 = Release|Any CPU
		{905C6A4C-0B30-7C46-A848-0CE9AD92B600}.Debug|Any CPU.ActiveCfg = Debug|Any CPU
		{905C6A4C-0B30-7C46-A848-0CE9AD92B600}.Debug|Any CPU.Build.0 = Debug|Any CPU
		{905C6A4C-0B30-7C46-A848-0CE9AD92B600}.Release|Any CPU.ActiveCfg = Release|Any CPU
		{905C6A4C-0B30-7C46-A848-0CE9AD92B600}.Release|Any CPU.Build.0 = Release|Any CPU
		{DF53F4BD-38D3-F8C6-EEA7-C788AFDE8E08}.Debug|Any CPU.ActiveCfg = Debug|Any CPU
		{DF53F4BD-38D3-F8C6-EEA7-C788AFDE8E08}.Debug|Any CPU.Build.0 = Debug|Any CPU
		{DF53F4BD-38D3-F8C6-EEA7-C788AFDE8E08}.Release|Any CPU.ActiveCfg = Release|Any CPU
		{DF53F4BD-38D3-F8C6-EEA7-C788AFDE8E08}.Release|Any CPU.Build.0 = Release|Any CPU
		{D2FB90B8-EC79-9D11-1E3E-CE10818643A7}.Debug|Any CPU.ActiveCfg = Debug|Any CPU
		{D2FB90B8-EC79-9D11-1E3E-CE10818643A7}.Debug|Any CPU.Build.0 = Debug|Any CPU
		{D2FB90B8-EC79-9D11-1E3E-CE10818643A7}.Release|Any CPU.ActiveCfg = Release|Any CPU
		{D2FB90B8-EC79-9D11-1E3E-CE10818643A7}.Release|Any CPU.Build.0 = Release|Any CPU
		{5A4DC1F3-8F5F-0F59-3972-EC0DF0719144}.Debug|Any CPU.ActiveCfg = Debug|Any CPU
		{5A4DC1F3-8F5F-0F59-3972-EC0DF0719144}.Debug|Any CPU.Build.0 = Debug|Any CPU
		{5A4DC1F3-8F5F-0F59-3972-EC0DF0719144}.Release|Any CPU.ActiveCfg = Release|Any CPU
		{5A4DC1F3-8F5F-0F59-3972-EC0DF0719144}.Release|Any CPU.Build.0 = Release|Any CPU
		{B9536A08-48BE-274E-3E5D-89A61A233C8E}.Debug|Any CPU.ActiveCfg = Debug|Any CPU
		{B9536A08-48BE-274E-3E5D-89A61A233C8E}.Debug|Any CPU.Build.0 = Debug|Any CPU
		{B9536A08-48BE-274E-3E5D-89A61A233C8E}.Release|Any CPU.ActiveCfg = Release|Any CPU
		{B9536A08-48BE-274E-3E5D-89A61A233C8E}.Release|Any CPU.Build.0 = Release|Any CPU
		{814FD420-7F60-8EC0-8243-E7FD0C1581D1}.Debug|Any CPU.ActiveCfg = Debug|Any CPU
		{814FD420-7F60-8EC0-8243-E7FD0C1581D1}.Debug|Any CPU.Build.0 = Debug|Any CPU
		{814FD420-7F60-8EC0-8243-E7FD0C1581D1}.Release|Any CPU.ActiveCfg = Release|Any CPU
		{814FD420-7F60-8EC0-8243-E7FD0C1581D1}.Release|Any CPU.Build.0 = Release|Any CPU
		{A93F39C8-FF8D-4983-BFA8-F24DAF429C94}.Debug|Any CPU.ActiveCfg = Debug|Any CPU
		{A93F39C8-FF8D-4983-BFA8-F24DAF429C94}.Debug|Any CPU.Build.0 = Debug|Any CPU
		{A93F39C8-FF8D-4983-BFA8-F24DAF429C94}.Release|Any CPU.ActiveCfg = Release|Any CPU
		{A93F39C8-FF8D-4983-BFA8-F24DAF429C94}.Release|Any CPU.Build.0 = Release|Any CPU
		{F2E77735-B754-18DA-E427-D55B30C5726E}.Debug|Any CPU.ActiveCfg = Debug|Any CPU
		{F2E77735-B754-18DA-E427-D55B30C5726E}.Debug|Any CPU.Build.0 = Debug|Any CPU
		{F2E77735-B754-18DA-E427-D55B30C5726E}.Release|Any CPU.ActiveCfg = Release|Any CPU
		{F2E77735-B754-18DA-E427-D55B30C5726E}.Release|Any CPU.Build.0 = Release|Any CPU
		{A57B1EC3-5133-302C-651A-F5CEA5E62040}.Debug|Any CPU.ActiveCfg = Debug|Any CPU
		{A57B1EC3-5133-302C-651A-F5CEA5E62040}.Debug|Any CPU.Build.0 = Debug|Any CPU
		{A57B1EC3-5133-302C-651A-F5CEA5E62040}.Release|Any CPU.ActiveCfg = Release|Any CPU
		{A57B1EC3-5133-302C-651A-F5CEA5E62040}.Release|Any CPU.Build.0 = Release|Any CPU
		{1E3E1408-B7E2-18AA-D03E-C7C8FB6E37C5}.Debug|Any CPU.ActiveCfg = Debug|Any CPU
		{1E3E1408-B7E2-18AA-D03E-C7C8FB6E37C5}.Debug|Any CPU.Build.0 = Debug|Any CPU
		{1E3E1408-B7E2-18AA-D03E-C7C8FB6E37C5}.Release|Any CPU.ActiveCfg = Release|Any CPU
		{1E3E1408-B7E2-18AA-D03E-C7C8FB6E37C5}.Release|Any CPU.Build.0 = Release|Any CPU
		{C7E8BADB-7568-E43F-BC8B-27C50BF13C49}.Debug|Any CPU.ActiveCfg = Debug|Any CPU
		{C7E8BADB-7568-E43F-BC8B-27C50BF13C49}.Debug|Any CPU.Build.0 = Debug|Any CPU
		{C7E8BADB-7568-E43F-BC8B-27C50BF13C49}.Release|Any CPU.ActiveCfg = Release|Any CPU
		{C7E8BADB-7568-E43F-BC8B-27C50BF13C49}.Release|Any CPU.Build.0 = Release|Any CPU
		{40E4A948-D156-E7DD-B656-BC3841A1828D}.Debug|Any CPU.ActiveCfg = Debug|Any CPU
		{40E4A948-D156-E7DD-B656-BC3841A1828D}.Debug|Any CPU.Build.0 = Debug|Any CPU
		{40E4A948-D156-E7DD-B656-BC3841A1828D}.Release|Any CPU.ActiveCfg = Release|Any CPU
		{40E4A948-D156-E7DD-B656-BC3841A1828D}.Release|Any CPU.Build.0 = Release|Any CPU
		{7C405DFE-0ED7-E74A-9228-7F64EFCF8EAA}.Debug|Any CPU.ActiveCfg = Debug|Any CPU
		{7C405DFE-0ED7-E74A-9228-7F64EFCF8EAA}.Debug|Any CPU.Build.0 = Debug|Any CPU
		{7C405DFE-0ED7-E74A-9228-7F64EFCF8EAA}.Release|Any CPU.ActiveCfg = Release|Any CPU
		{7C405DFE-0ED7-E74A-9228-7F64EFCF8EAA}.Release|Any CPU.Build.0 = Release|Any CPU
		{05B0CBF4-0064-DA97-81C0-4FA452C8C8A1}.Debug|Any CPU.ActiveCfg = Debug|Any CPU
		{05B0CBF4-0064-DA97-81C0-4FA452C8C8A1}.Debug|Any CPU.Build.0 = Debug|Any CPU
		{05B0CBF4-0064-DA97-81C0-4FA452C8C8A1}.Release|Any CPU.ActiveCfg = Release|Any CPU
		{05B0CBF4-0064-DA97-81C0-4FA452C8C8A1}.Release|Any CPU.Build.0 = Release|Any CPU
		{2C03603E-8D08-B345-8DBC-F2C7293405F3}.Debug|Any CPU.ActiveCfg = Debug|Any CPU
		{2C03603E-8D08-B345-8DBC-F2C7293405F3}.Debug|Any CPU.Build.0 = Debug|Any CPU
		{2C03603E-8D08-B345-8DBC-F2C7293405F3}.Release|Any CPU.ActiveCfg = Release|Any CPU
		{2C03603E-8D08-B345-8DBC-F2C7293405F3}.Release|Any CPU.Build.0 = Release|Any CPU
		{B674EA42-DBD2-AD65-7270-7B7FBDE60223}.Debug|Any CPU.ActiveCfg = Debug|Any CPU
		{B674EA42-DBD2-AD65-7270-7B7FBDE60223}.Debug|Any CPU.Build.0 = Debug|Any CPU
		{B674EA42-DBD2-AD65-7270-7B7FBDE60223}.Release|Any CPU.ActiveCfg = Release|Any CPU
		{B674EA42-DBD2-AD65-7270-7B7FBDE60223}.Release|Any CPU.Build.0 = Release|Any CPU
		{0F279710-7329-28DC-9BD5-FA1FF4056DC1}.Debug|Any CPU.ActiveCfg = Debug|Any CPU
		{0F279710-7329-28DC-9BD5-FA1FF4056DC1}.Debug|Any CPU.Build.0 = Debug|Any CPU
		{0F279710-7329-28DC-9BD5-FA1FF4056DC1}.Release|Any CPU.ActiveCfg = Release|Any CPU
		{0F279710-7329-28DC-9BD5-FA1FF4056DC1}.Release|Any CPU.Build.0 = Release|Any CPU
		{12560F2F-16F2-25D6-335C-EB1E3ADE141A}.Debug|Any CPU.ActiveCfg = Debug|Any CPU
		{12560F2F-16F2-25D6-335C-EB1E3ADE141A}.Debug|Any CPU.Build.0 = Debug|Any CPU
		{12560F2F-16F2-25D6-335C-EB1E3ADE141A}.Release|Any CPU.ActiveCfg = Release|Any CPU
		{12560F2F-16F2-25D6-335C-EB1E3ADE141A}.Release|Any CPU.Build.0 = Release|Any CPU
		{4EDB6CB3-8462-BA3B-9411-5DD2FCC4FE63}.Debug|Any CPU.ActiveCfg = Debug|Any CPU
		{4EDB6CB3-8462-BA3B-9411-5DD2FCC4FE63}.Debug|Any CPU.Build.0 = Debug|Any CPU
		{4EDB6CB3-8462-BA3B-9411-5DD2FCC4FE63}.Release|Any CPU.ActiveCfg = Release|Any CPU
		{4EDB6CB3-8462-BA3B-9411-5DD2FCC4FE63}.Release|Any CPU.Build.0 = Release|Any CPU
		{401E0CCD-2DB7-08A4-DB8F-24E787281A5C}.Debug|Any CPU.ActiveCfg = Debug|Any CPU
		{401E0CCD-2DB7-08A4-DB8F-24E787281A5C}.Debug|Any CPU.Build.0 = Debug|Any CPU
		{401E0CCD-2DB7-08A4-DB8F-24E787281A5C}.Release|Any CPU.ActiveCfg = Release|Any CPU
		{401E0CCD-2DB7-08A4-DB8F-24E787281A5C}.Release|Any CPU.Build.0 = Release|Any CPU
		{6E3B1B2E-699E-B705-7816-81B94229298D}.Debug|Any CPU.ActiveCfg = Debug|Any CPU
		{6E3B1B2E-699E-B705-7816-81B94229298D}.Debug|Any CPU.Build.0 = Debug|Any CPU
		{6E3B1B2E-699E-B705-7816-81B94229298D}.Release|Any CPU.ActiveCfg = Release|Any CPU
		{6E3B1B2E-699E-B705-7816-81B94229298D}.Release|Any CPU.Build.0 = Release|Any CPU
		{6902344A-3A3A-E8B3-89DE-EBDA36169F60}.Debug|Any CPU.ActiveCfg = Debug|Any CPU
		{6902344A-3A3A-E8B3-89DE-EBDA36169F60}.Debug|Any CPU.Build.0 = Debug|Any CPU
		{6902344A-3A3A-E8B3-89DE-EBDA36169F60}.Release|Any CPU.ActiveCfg = Release|Any CPU
		{6902344A-3A3A-E8B3-89DE-EBDA36169F60}.Release|Any CPU.Build.0 = Release|Any CPU
		{B769E9D8-ED4B-3F33-942B-9193737F745D}.Debug|Any CPU.ActiveCfg = Debug|Any CPU
		{B769E9D8-ED4B-3F33-942B-9193737F745D}.Debug|Any CPU.Build.0 = Debug|Any CPU
		{B769E9D8-ED4B-3F33-942B-9193737F745D}.Release|Any CPU.ActiveCfg = Release|Any CPU
		{B769E9D8-ED4B-3F33-942B-9193737F745D}.Release|Any CPU.Build.0 = Release|Any CPU
		{E2C6FC63-B63C-F4CE-9AA2-AD53CB5966A6}.Debug|Any CPU.ActiveCfg = Debug|Any CPU
		{E2C6FC63-B63C-F4CE-9AA2-AD53CB5966A6}.Debug|Any CPU.Build.0 = Debug|Any CPU
		{E2C6FC63-B63C-F4CE-9AA2-AD53CB5966A6}.Release|Any CPU.ActiveCfg = Release|Any CPU
		{E2C6FC63-B63C-F4CE-9AA2-AD53CB5966A6}.Release|Any CPU.Build.0 = Release|Any CPU
		{F43539B5-41B5-76E7-CE85-03A9FCCC0BDD}.Debug|Any CPU.ActiveCfg = Debug|Any CPU
		{F43539B5-41B5-76E7-CE85-03A9FCCC0BDD}.Debug|Any CPU.Build.0 = Debug|Any CPU
		{F43539B5-41B5-76E7-CE85-03A9FCCC0BDD}.Release|Any CPU.ActiveCfg = Release|Any CPU
		{F43539B5-41B5-76E7-CE85-03A9FCCC0BDD}.Release|Any CPU.Build.0 = Release|Any CPU
		{19B7977A-7FC7-21D3-E330-A42C61D07441}.Debug|Any CPU.ActiveCfg = Debug|Any CPU
		{19B7977A-7FC7-21D3-E330-A42C61D07441}.Debug|Any CPU.Build.0 = Debug|Any CPU
		{19B7977A-7FC7-21D3-E330-A42C61D07441}.Release|Any CPU.ActiveCfg = Release|Any CPU
		{19B7977A-7FC7-21D3-E330-A42C61D07441}.Release|Any CPU.Build.0 = Release|Any CPU
		{B9A905C6-51C1-840D-D747-436DD2603089}.Debug|Any CPU.ActiveCfg = Debug|Any CPU
		{B9A905C6-51C1-840D-D747-436DD2603089}.Debug|Any CPU.Build.0 = Debug|Any CPU
		{B9A905C6-51C1-840D-D747-436DD2603089}.Release|Any CPU.ActiveCfg = Release|Any CPU
		{B9A905C6-51C1-840D-D747-436DD2603089}.Release|Any CPU.Build.0 = Release|Any CPU
		{C410B1DE-BC34-0AB8-2452-93D42C0E7897}.Debug|Any CPU.ActiveCfg = Debug|Any CPU
		{C410B1DE-BC34-0AB8-2452-93D42C0E7897}.Debug|Any CPU.Build.0 = Debug|Any CPU
		{C410B1DE-BC34-0AB8-2452-93D42C0E7897}.Release|Any CPU.ActiveCfg = Release|Any CPU
		{C410B1DE-BC34-0AB8-2452-93D42C0E7897}.Release|Any CPU.Build.0 = Release|Any CPU
		{8F41EB4E-4AFB-58A0-99BD-B16F890CEBC4}.Debug|Any CPU.ActiveCfg = Debug|Any CPU
		{8F41EB4E-4AFB-58A0-99BD-B16F890CEBC4}.Debug|Any CPU.Build.0 = Debug|Any CPU
		{8F41EB4E-4AFB-58A0-99BD-B16F890CEBC4}.Release|Any CPU.ActiveCfg = Release|Any CPU
		{8F41EB4E-4AFB-58A0-99BD-B16F890CEBC4}.Release|Any CPU.Build.0 = Release|Any CPU
		{9B78DF45-3BB2-4EF9-3DB3-233E4DCB73BE}.Debug|Any CPU.ActiveCfg = Debug|Any CPU
		{9B78DF45-3BB2-4EF9-3DB3-233E4DCB73BE}.Debug|Any CPU.Build.0 = Debug|Any CPU
		{9B78DF45-3BB2-4EF9-3DB3-233E4DCB73BE}.Release|Any CPU.ActiveCfg = Release|Any CPU
		{9B78DF45-3BB2-4EF9-3DB3-233E4DCB73BE}.Release|Any CPU.Build.0 = Release|Any CPU
		{E6BF151B-92F7-B36E-849D-B7DA25404AFF}.Debug|Any CPU.ActiveCfg = Debug|Any CPU
		{E6BF151B-92F7-B36E-849D-B7DA25404AFF}.Debug|Any CPU.Build.0 = Debug|Any CPU
		{E6BF151B-92F7-B36E-849D-B7DA25404AFF}.Release|Any CPU.ActiveCfg = Release|Any CPU
		{E6BF151B-92F7-B36E-849D-B7DA25404AFF}.Release|Any CPU.Build.0 = Release|Any CPU
		{B442FB90-F7A3-A583-082F-C0900ECF57AE}.Debug|Any CPU.ActiveCfg = Debug|Any CPU
		{B442FB90-F7A3-A583-082F-C0900ECF57AE}.Debug|Any CPU.Build.0 = Debug|Any CPU
		{B442FB90-F7A3-A583-082F-C0900ECF57AE}.Release|Any CPU.ActiveCfg = Release|Any CPU
		{B442FB90-F7A3-A583-082F-C0900ECF57AE}.Release|Any CPU.Build.0 = Release|Any CPU
		{00121F72-3177-D784-C175-1A91B1CF9AF5}.Debug|Any CPU.ActiveCfg = Debug|Any CPU
		{00121F72-3177-D784-C175-1A91B1CF9AF5}.Debug|Any CPU.Build.0 = Debug|Any CPU
		{00121F72-3177-D784-C175-1A91B1CF9AF5}.Release|Any CPU.ActiveCfg = Release|Any CPU
		{00121F72-3177-D784-C175-1A91B1CF9AF5}.Release|Any CPU.Build.0 = Release|Any CPU
		{5F379873-D622-409E-0055-FB1A39874020}.Debug|Any CPU.ActiveCfg = Debug|Any CPU
		{5F379873-D622-409E-0055-FB1A39874020}.Debug|Any CPU.Build.0 = Debug|Any CPU
		{5F379873-D622-409E-0055-FB1A39874020}.Release|Any CPU.ActiveCfg = Release|Any CPU
		{5F379873-D622-409E-0055-FB1A39874020}.Release|Any CPU.Build.0 = Release|Any CPU
		{574629DC-20F7-047D-3807-C9AEA9C9D745}.Debug|Any CPU.ActiveCfg = Debug|Any CPU
		{574629DC-20F7-047D-3807-C9AEA9C9D745}.Debug|Any CPU.Build.0 = Debug|Any CPU
		{574629DC-20F7-047D-3807-C9AEA9C9D745}.Release|Any CPU.ActiveCfg = Release|Any CPU
		{574629DC-20F7-047D-3807-C9AEA9C9D745}.Release|Any CPU.Build.0 = Release|Any CPU
		{0990B9E4-07B3-8E68-8CB1-AAFA5E204BF6}.Debug|Any CPU.ActiveCfg = Debug|Any CPU
		{0990B9E4-07B3-8E68-8CB1-AAFA5E204BF6}.Debug|Any CPU.Build.0 = Debug|Any CPU
		{0990B9E4-07B3-8E68-8CB1-AAFA5E204BF6}.Release|Any CPU.ActiveCfg = Release|Any CPU
		{0990B9E4-07B3-8E68-8CB1-AAFA5E204BF6}.Release|Any CPU.Build.0 = Release|Any CPU
		{0BB462DD-0F52-B0D6-E754-CDD2C7C3CDD3}.Debug|Any CPU.ActiveCfg = Debug|Any CPU
		{0BB462DD-0F52-B0D6-E754-CDD2C7C3CDD3}.Debug|Any CPU.Build.0 = Debug|Any CPU
		{0BB462DD-0F52-B0D6-E754-CDD2C7C3CDD3}.Release|Any CPU.ActiveCfg = Release|Any CPU
		{0BB462DD-0F52-B0D6-E754-CDD2C7C3CDD3}.Release|Any CPU.Build.0 = Release|Any CPU
		{B203D1FC-B14E-F4B1-4D19-DD9A36F5A813}.Debug|Any CPU.ActiveCfg = Debug|Any CPU
		{B203D1FC-B14E-F4B1-4D19-DD9A36F5A813}.Debug|Any CPU.Build.0 = Debug|Any CPU
		{B203D1FC-B14E-F4B1-4D19-DD9A36F5A813}.Release|Any CPU.ActiveCfg = Release|Any CPU
		{B203D1FC-B14E-F4B1-4D19-DD9A36F5A813}.Release|Any CPU.Build.0 = Release|Any CPU
		{06C1EB48-998C-6A8B-6223-968967F158B4}.Debug|Any CPU.ActiveCfg = Debug|Any CPU
		{06C1EB48-998C-6A8B-6223-968967F158B4}.Debug|Any CPU.Build.0 = Debug|Any CPU
		{06C1EB48-998C-6A8B-6223-968967F158B4}.Release|Any CPU.ActiveCfg = Release|Any CPU
		{06C1EB48-998C-6A8B-6223-968967F158B4}.Release|Any CPU.Build.0 = Release|Any CPU
		{757352D4-FC83-8E26-E9B0-6AE89C39C91C}.Debug|Any CPU.ActiveCfg = Debug|Any CPU
		{757352D4-FC83-8E26-E9B0-6AE89C39C91C}.Debug|Any CPU.Build.0 = Debug|Any CPU
		{757352D4-FC83-8E26-E9B0-6AE89C39C91C}.Release|Any CPU.ActiveCfg = Release|Any CPU
		{757352D4-FC83-8E26-E9B0-6AE89C39C91C}.Release|Any CPU.Build.0 = Release|Any CPU
		{F33F9DA8-D5C9-609F-93CB-DEF0475FBCD9}.Debug|Any CPU.ActiveCfg = Debug|Any CPU
		{F33F9DA8-D5C9-609F-93CB-DEF0475FBCD9}.Debug|Any CPU.Build.0 = Debug|Any CPU
		{F33F9DA8-D5C9-609F-93CB-DEF0475FBCD9}.Release|Any CPU.ActiveCfg = Release|Any CPU
		{F33F9DA8-D5C9-609F-93CB-DEF0475FBCD9}.Release|Any CPU.Build.0 = Release|Any CPU
	EndGlobalSection
	GlobalSection(SolutionProperties) = preSolution
		HideSolutionNode = FALSE
	EndGlobalSection
EndGlobal
